
Microsoft Visual Studio Solution File, Format Version 12.00
# Visual Studio 15
VisualStudioVersion = 15.0.28010.2026
MinimumVisualStudioVersion = 10.0.40219.1
Project("{FAE04EC0-301F-11D3-BF4B-00C04F79EFBC}") = "TrackerLibrary", "TrackerLibrary\TrackerLibrary.csproj", "{0910C628-6956-49C6-81A6-E2F3C0B0BD50}"
EndProject
Project("{FAE04EC0-301F-11D3-BF4B-00C04F79EFBC}") = "TrackerUI", "TrackerUI\TrackerUI.csproj", "{51B3F9EC-883E-4733-AB65-A2684E6CF183}"
EndProject
Project("{FAE04EC0-301F-11D3-BF4B-00C04F79EFBC}") = "TextDbLibrary", "TextDbLibrary\TextDbLibrary.csproj", "{727B2875-5F22-4060-85C0-C4E0357D4B37}"
EndProject
Project("{FAE04EC0-301F-11D3-BF4B-00C04F79EFBC}") = "DomainLibrary", "DomainLibrary\DomainLibrary.csproj", "{CA243695-5FFB-4235-A614-BB01AD3FA153}"
EndProject
Project("{FAE04EC0-301F-11D3-BF4B-00C04F79EFBC}") = "DataLibrary", "DataLibrary\DataLibrary.csproj", "{F63EF052-0F4A-4245-B589-7160CDA43D92}"
EndProject
Global
	GlobalSection(SolutionConfigurationPlatforms) = preSolution
		Debug|Any CPU = Debug|Any CPU
		Release|Any CPU = Release|Any CPU
	EndGlobalSection
	GlobalSection(ProjectConfigurationPlatforms) = postSolution
		{0910C628-6956-49C6-81A6-E2F3C0B0BD50}.Debug|Any CPU.ActiveCfg = Debug|Any CPU
		{0910C628-6956-49C6-81A6-E2F3C0B0BD50}.Debug|Any CPU.Build.0 = Debug|Any CPU
		{0910C628-6956-49C6-81A6-E2F3C0B0BD50}.Release|Any CPU.ActiveCfg = Release|Any CPU
		{0910C628-6956-49C6-81A6-E2F3C0B0BD50}.Release|Any CPU.Build.0 = Release|Any CPU
		{51B3F9EC-883E-4733-AB65-A2684E6CF183}.Debug|Any CPU.ActiveCfg = Debug|Any CPU
		{51B3F9EC-883E-4733-AB65-A2684E6CF183}.Debug|Any CPU.Build.0 = Debug|Any CPU
		{51B3F9EC-883E-4733-AB65-A2684E6CF183}.Release|Any CPU.ActiveCfg = Release|Any CPU
		{51B3F9EC-883E-4733-AB65-A2684E6CF183}.Release|Any CPU.Build.0 = Release|Any CPU
		{727B2875-5F22-4060-85C0-C4E0357D4B37}.Debug|Any CPU.ActiveCfg = Debug|Any CPU
		{727B2875-5F22-4060-85C0-C4E0357D4B37}.Debug|Any CPU.Build.0 = Debug|Any CPU
		{727B2875-5F22-4060-85C0-C4E0357D4B37}.Release|Any CPU.ActiveCfg = Release|Any CPU
		{727B2875-5F22-4060-85C0-C4E0357D4B37}.Release|Any CPU.Build.0 = Release|Any CPU
		{CA243695-5FFB-4235-A614-BB01AD3FA153}.Debug|Any CPU.ActiveCfg = Debug|Any CPU
		{CA243695-5FFB-4235-A614-BB01AD3FA153}.Debug|Any CPU.Build.0 = Debug|Any CPU
		{CA243695-5FFB-4235-A614-BB01AD3FA153}.Release|Any CPU.ActiveCfg = Release|Any CPU
		{CA243695-5FFB-4235-A614-BB01AD3FA153}.Release|Any CPU.Build.0 = Release|Any CPU
		{F63EF052-0F4A-4245-B589-7160CDA43D92}.Debug|Any CPU.ActiveCfg = Debug|Any CPU
		{F63EF052-0F4A-4245-B589-7160CDA43D92}.Debug|Any CPU.Build.0 = Debug|Any CPU
		{F63EF052-0F4A-4245-B589-7160CDA43D92}.Release|Any CPU.ActiveCfg = Release|Any CPU
		{F63EF052-0F4A-4245-B589-7160CDA43D92}.Release|Any CPU.Build.0 = Release|Any CPU
	EndGlobalSection
	GlobalSection(SolutionProperties) = preSolution
		HideSolutionNode = FALSE
	EndGlobalSection
	GlobalSection(ExtensibilityGlobals) = postSolution
		SolutionGuid = {77ED69A4-669D-4DAE-8FC9-E056A68C32B1}
	EndGlobalSection
EndGlobal
